
Microsoft Visual Studio Solution File, Format Version 12.00
# Visual Studio Version 17
VisualStudioVersion = 17.4.33213.308
MinimumVisualStudioVersion = 10.0.40219.1
Project("{FAE04EC0-301F-11D3-BF4B-00C04F79EFBC}") = "Rooms", "Rooms\Rooms.csproj", "{F61DD6A7-A645-4F9A-8046-9A6F87DAA78A}"
EndProject
Global
	GlobalSection(SolutionConfigurationPlatforms) = preSolution
		Debug|Any CPU = Debug|Any CPU
		Release|Any CPU = Release|Any CPU
	EndGlobalSection
	GlobalSection(ProjectConfigurationPlatforms) = postSolution
		{F61DD6A7-A645-4F9A-8046-9A6F87DAA78A}.Debug|Any CPU.ActiveCfg = Debug|Any CPU
		{F61DD6A7-A645-4F9A-8046-9A6F87DAA78A}.Debug|Any CPU.Build.0 = Debug|Any CPU
		{F61DD6A7-A645-4F9A-8046-9A6F87DAA78A}.Release|Any CPU.ActiveCfg = Release|Any CPU
		{F61DD6A7-A645-4F9A-8046-9A6F87DAA78A}.Release|Any CPU.Build.0 = Release|Any CPU
	EndGlobalSection
	GlobalSection(SolutionProperties) = preSolution
		HideSolutionNode = FALSE
	EndGlobalSection
	GlobalSection(ExtensibilityGlobals) = postSolution
		SolutionGuid = {CDBCE556-1F36-4E15-8092-1C9459596F6B}
	EndGlobalSection
EndGlobal
